Microsoft Visual Studio Solution File, Format Version 12.00
# Visual Studio Version 17
VisualStudioVersion = 17.5.2.0
MinimumVisualStudioVersion = 10.0.40219.1
Project("{2150E333-8FDC-42A3-9474-1A3956D46DE8}") = "SingletonPatternExample", "SingletonPatternExample", "{354DC45E-5DE6-3903-6D87-2C9ECF34DB9A}"
EndProject
Project("{FAE04EC0-301F-11D3-BF4B-00C04F79EFBC}") = "SingletonPatternExample", "SingletonPatternExample\SingletonPatternExample\SingletonPatternExample.csproj", "{FDD8E56A-958A-11BE-0F6B-1761A25D1EF6}"
EndProject
Global
	GlobalSection(SolutionConfigurationPlatforms) = preSolution
		Debug|Any CPU = Debug|Any CPU
		Release|Any CPU = Release|Any CPU
	EndGlobalSection
	GlobalSection(ProjectConfigurationPlatforms) = postSolution
		{FDD8E56A-958A-11BE-0F6B-1761A25D1EF6}.Debug|Any CPU.ActiveCfg = Debug|Any CPU
		{FDD8E56A-958A-11BE-0F6B-1761A25D1EF6}.Debug|Any CPU.Build.0 = Debug|Any CPU
		{FDD8E56A-958A-11BE-0F6B-1761A25D1EF6}.Release|Any CPU.ActiveCfg = Release|Any CPU
		{FDD8E56A-958A-11BE-0F6B-1761A25D1EF6}.Release|Any CPU.Build.0 = Release|Any CPU
	EndGlobalSection
	GlobalSection(SolutionProperties) = preSolution
		HideSolutionNode = FALSE
	EndGlobalSection
	GlobalSection(NestedProjects) = preSolution
		{FDD8E56A-958A-11BE-0F6B-1761A25D1EF6} = {354DC45E-5DE6-3903-6D87-2C9ECF34DB9A}
	EndGlobalSection
	GlobalSection(ExtensibilityGlobals) = postSolution
		SolutionGuid = {BBB6F907-6283-42ED-B056-C0F5F98CD96B}
	EndGlobalSection
EndGlobal
